github.com/jinzhu/inflection v1.0.0 h1:K317FqzuhWc8YvSVlFMCCUb36O/S9MCKRDI7QkRKD/E=
github.com/jinzhu/inflection v1.0.0/go.mod h1:h+uFLlag+Qp1Va5pdKtLDYj+kHp5pxUVkryuEj+Srlc=
github.com/jinzhu/now v1.1.5 h1:/o9tlHleP7gOFmsnYNz3RGnqzefHA47wQpKrrdTIwXQ=
github.com/jinzhu/now v1.1.5/go.mod h1:d3SSVoowX0Lcu0IBviAWJpolVfI5UJVZZ7cO71lE/z8=
github.com/starter-go/afs v0.9.1 h1:KbNSB/+YjFC7OWYsB9bL8MZvOowXKLH8qidZ2PrSyGg=
github.com/starter-go/afs v0.9.1/go.mod h1:8CnmFENXVgN8QV71S8EJd/Z0QVfSoFmdZrnGBbMDx2A=
github.com/starter-go/application v0.9.7 h1:jFED9q5MN+0/UKQQNyupvijmMd5LMdLtBEgzlZ6j73A=
github.com/starter-go/application v0.9.7/go.mod h1:e5Zet+QGLL1/bxCgtPg2S/wI0vD9q71GNKju7bJOtQI=
github.com/starter-go/application v0.9.8 h1:UYCLP6Ius5xteNSsLIAr62yNluQfp05HSmdkFsKx5QA=
github.com/starter-go/application v0.9.8/go.mod h1:e5Zet+QGLL1/bxCgtPg2S/wI0vD9q71GNKju7bJOtQI=
github.com/starter-go/application v0.9.9 h1:IpM62HX5IExRiMYWFfn/S5mce7xJr9filLYcuQN2L5U=
github.com/starter-go/application v0.9.9/go.mod h1:e5Zet+QGLL1/bxCgtPg2S/wI0vD9q71GNKju7bJOtQI=
github.com/starter-go/application v0.9.11 h1:dPdWzxqf8tM2DitK9vmDfDWmNmZwpKr9MQsPQ4OP+Mw=
github.com/starter-go/application v0.9.11/go.mod h1:e5Zet+QGLL1/bxCgtPg2S/wI0vD9q71GNKju7bJOtQI=
github.com/starter-go/base v0.9.5 h1:kH1VI0ags5rWG6zHt483c5bUie5q+RnPXMf1N1arAUY=
github.com/starter-go/base v0.9.5/go.mod h1:cTaamu+V1rSWCnfkeebl7yVZHlZiBHzxNVZap47wbtw=
github.com/starter-go/configen v0.9.2 h1:UdjHSxFJU15lVbckJF6gANsGLfJSgzz93ZAZZjbP4d8=
github.com/starter-go/configen v0.9.2/go.mod h1:biLRjMPfuSsAJBoNSNXaMcWle4uIxKvvgu1Xr/8/C/8=
github.com/starter-go/starter v1.0.0 h1:3keOygsu4VS3HdeU36ULzRjlOhJY4XfqqU/8nAUmsGQ=
github.com/starter-go/starter v1.0.0/go.mod h1:uZgtWlJEg9kiZTUiYspfri5RFAfexNmJ+XHQCtEMrQo=
github.com/starter-go/vlog v0.9.4 h1:9nVRk46Tco2UHXJDKbShK5SbGDUxxVKxCXUbGOOUe6A=
github.com/starter-go/vlog v0.9.4/go.mod h1:WSaU9IGbEaDe/Eoh2W8JOjSn6wdjfGkgBbxJxaqUI/0=
gorm.io/gorm v1.25.2 h1:gs1o6Vsa+oVKG/a9ElL3XgyGfghFfkKA2SInQaCyMho=
gorm.io/gorm v1.25.2/go.mod h1:L4uxeKpfBml98NYqVqwAdmV1a2nBtAec/cf3fpucW/k=
